
Microsoft Visual Studio Solution File, Format Version 12.00
# Visual Studio Version 16
VisualStudioVersion = 16.0.31205.134
MinimumVisualStudioVersion = 10.0.40219.1
Project("{FAE04EC0-301F-11D3-BF4B-00C04F79EFBC}") = "Lesson2", "Lesson2\Lesson2.csproj", "{EF576B3A-D74B-4C3B-B213-9D604DFE3C92}"
EndProject
Global
	GlobalSection(SolutionConfigurationPlatforms) = preSolution
		Debug|Any CPU = Debug|Any CPU
		Release|Any CPU = Release|Any CPU
	EndGlobalSection
	GlobalSection(ProjectConfigurationPlatforms) = postSolution
		{EF576B3A-D74B-4C3B-B213-9D604DFE3C92}.Debug|Any CPU.ActiveCfg = Debug|Any CPU
		{EF576B3A-D74B-4C3B-B213-9D604DFE3C92}.Debug|Any CPU.Build.0 = Debug|Any CPU
		{EF576B3A-D74B-4C3B-B213-9D604DFE3C92}.Release|Any CPU.ActiveCfg = Release|Any CPU
		{EF576B3A-D74B-4C3B-B213-9D604DFE3C92}.Release|Any CPU.Build.0 = Release|Any CPU
	EndGlobalSection
	GlobalSection(SolutionProperties) = preSolution
		HideSolutionNode = FALSE
	EndGlobalSection
	GlobalSection(ExtensibilityGlobals) = postSolution
		SolutionGuid = {50B7F8D9-8F1C-41EE-8A9B-7E3548EFD4B9}
	EndGlobalSection
EndGlobal
